PODS:
  - FBSnapshotTestCase (2.0.4):
    - FBSnapshotTestCase/SwiftSupport (= 2.0.4)
  - FBSnapshotTestCase/Core (2.0.4)
  - FBSnapshotTestCase/SwiftSupport (2.0.4):
    - FBSnapshotTestCase/Core
  - Masonry (0.6.2)
  - podTestLibrary (1.0.2):
    - Masonry

DEPENDENCIES:
  - FBSnapshotTestCase
  - podTestLibrary (from `../`)

EXTERNAL SOURCES:
  podTestLibrary:
    :path: ../

SPEC CHECKSUMS:
  FBSnapshotTestCase: d94cf34841c9e77390e29009e8e2713479d48753
  Masonry: 362e8a1cc0beada4a4c4832d5e863da2a51533be
  podTestLibrary: be8f768dc099665bbb8ec83dedc4b0754c950d16

COCOAPODS: 0.38.2
