PODS:
  - FBSnapshotTestCase (2.0.3):
    - FBSnapshotTestCase/SwiftSupport (= 2.0.3)
  - FBSnapshotTestCase/Core (2.0.3)
  - FBSnapshotTestCase/SwiftSupport (2.0.3):
    - FBSnapshotTestCase/Core
  - podTestLibrary (0.1.0)

DEPENDENCIES:
  - FBSnapshotTestCase
  - podTestLibrary (from `../`)

EXTERNAL SOURCES:
  podTestLibrary:
    :path: ../

SPEC CHECKSUMS:
  FBSnapshotTestCase: d0eeca6bf87958e088b254396ae66873f971cfb1
  podTestLibrary: b4e40d21328e6786b448fa7314b9596dfe4a1eda

COCOAPODS: 0.38.2
